
Microsoft Visual Studio Solution File, Format Version 12.00
# Visual Studio Version 16
VisualStudioVersion = 16.0.32901.82
MinimumVisualStudioVersion = 10.0.40219.1
Project("{FAE04EC0-301F-11D3-BF4B-00C04F79EFBC}") = "Task1", "Task1\Task1.csproj", "{72BD1E0F-3D3B-4E4A-B506-9103013AAFD8}"
EndProject
Project("{FAE04EC0-301F-11D3-BF4B-00C04F79EFBC}") = "Task2", "Task2\Task2.csproj", "{794FE27E-FB16-4B38-B3C4-0B37CF6AC444}"
EndProject
Global
	GlobalSection(SolutionConfigurationPlatforms) = preSolution
		Debug|Any CPU = Debug|Any CPU
		Release|Any CPU = Release|Any CPU
	EndGlobalSection
	GlobalSection(ProjectConfigurationPlatforms) = postSolution
		{72BD1E0F-3D3B-4E4A-B506-9103013AAFD8}.Debug|Any CPU.ActiveCfg = Debug|Any CPU
		{72BD1E0F-3D3B-4E4A-B506-9103013AAFD8}.Debug|Any CPU.Build.0 = Debug|Any CPU
		{72BD1E0F-3D3B-4E4A-B506-9103013AAFD8}.Release|Any CPU.ActiveCfg = Release|Any CPU
		{72BD1E0F-3D3B-4E4A-B506-9103013AAFD8}.Release|Any CPU.Build.0 = Release|Any CPU
		{794FE27E-FB16-4B38-B3C4-0B37CF6AC444}.Debug|Any CPU.ActiveCfg = Debug|Any CPU
		{794FE27E-FB16-4B38-B3C4-0B37CF6AC444}.Debug|Any CPU.Build.0 = Debug|Any CPU
		{794FE27E-FB16-4B38-B3C4-0B37CF6AC444}.Release|Any CPU.ActiveCfg = Release|Any CPU
		{794FE27E-FB16-4B38-B3C4-0B37CF6AC444}.Release|Any CPU.Build.0 = Release|Any CPU
	EndGlobalSection
	GlobalSection(SolutionProperties) = preSolution
		HideSolutionNode = FALSE
	EndGlobalSection
	GlobalSection(ExtensibilityGlobals) = postSolution
		SolutionGuid = {FFDE7F93-3D76-4A2D-9DB3-9372918F8EB6}
	EndGlobalSection
EndGlobal
